{
  "version": 4,
  "terraform_version": "1.10.3",
  "serial": 1,
  "lineage": "636c1b22-cbc3-362b-e0b5-a34b9bac63b4",
  "outputs": {},
  "resources": [
    {
      "mode": "managed",
      "type": "github_repository",
      "name": "example",
      "provider": "provider[\"registry.terraform.io/hashicorp/github\"]",
      "instances": [
        {
          "schema_version": 1,
          "attributes": {
            "allow_auto_merge": false,
            "allow_merge_commit": true,
            "allow_rebase_merge": true,
            "allow_squash_merge": true,
            "allow_update_branch": false,
            "archive_on_destroy": null,
            "archived": false,
            "auto_init": true,
            "default_branch": "main",
            "delete_branch_on_merge": false,
            "description": "This is for CDProject",
            "etag": "W/\"50d15672805566d35603a897468281e74730d915ec2e09fb95240949d3d02b90\"",
            "full_name": "klu-2200031578/Team-06_CDProject",
            "git_clone_url": "git://github.com/klu-2200031578/Team-06_CDProject.git",
            "gitignore_template": "Terraform",
            "has_discussions": false,
            "has_downloads": false,
            "has_issues": false,
            "has_projects": false,
            "has_wiki": false,
            "homepage_url": "",
            "html_url": "https://github.com/klu-2200031578/Team-06_CDProject",
            "http_clone_url": "https://github.com/klu-2200031578/Team-06_CDProject.git",
            "id": "Team-06_CDProject",
            "ignore_vulnerability_alerts_during_read": null,
            "is_template": false,
            "license_template": null,
            "merge_commit_message": "PR_TITLE",
            "merge_commit_title": "MERGE_MESSAGE",
            "name": "Team-06_CDProject",
            "node_id": "R_kgDOOg21UQ",
            "pages": [],
            "primary_language": "",
            "private": true,
            "repo_id": 973976913,
            "security_and_analysis": [],
            "squash_merge_commit_message": "COMMIT_MESSAGES",
            "squash_merge_commit_title": "COMMIT_OR_PR_TITLE",
            "ssh_clone_url": "git@github.com:klu-2200031578/Team-06_CDProject.git",
            "svn_url": "https://github.com/klu-2200031578/Team-06_CDProject",
            "template": [],
            "topics": [],
            "visibility": "private",
            "vulnerability_alerts": false,
            "web_commit_signoff_required": false
          },
          "sensitive_attributes": [],
          "private": "eyJzY2hlbWFfdmVyc2lvbiI6IjEifQ=="
        }
      ]
    }
  ],
  "check_results": null
}
